
Microsoft Visual Studio Solution File, Format Version 12.00
# Visual Studio Version 17
VisualStudioVersion = 17.2.32630.192
MinimumVisualStudioVersion = 10.0.40219.1
Project("{9A19103F-16F7-4668-BE54-9A1E7A4F7556}") = "VendorTool", "VendorTool\VendorTool.csproj", "{EAB87CCC-D231-4872-A0A2-E3FFEE8F6C38}"
EndProject
Project("{54435603-DBB4-11D2-8724-00A0C9A8B90C}") = "SetupWizard", "SetupWizard\SetupWizard.vdproj", "{AE7F3A43-F148-4703-A811-03861A2466E8}"
EndProject
Project("{9A19103F-16F7-4668-BE54-9A1E7A4F7556}") = "DesktopTool", "..\DesktopToolApp\DesktopToolApp\DesktopTool.csproj", "{1BE32682-4EF0-4D83-80BB-84833DA38AAE}"
EndProject
Global
	GlobalSection(SolutionConfigurationPlatforms) = preSolution
		Debug|Any CPU = Debug|Any CPU
		Release|Any CPU = Release|Any CPU
	EndGlobalSection
	GlobalSection(ProjectConfigurationPlatforms) = postSolution
		{EAB87CCC-D231-4872-A0A2-E3FFEE8F6C38}.Debug|Any CPU.ActiveCfg = Debug|Any CPU
		{EAB87CCC-D231-4872-A0A2-E3FFEE8F6C38}.Debug|Any CPU.Build.0 = Debug|Any CPU
		{EAB87CCC-D231-4872-A0A2-E3FFEE8F6C38}.Release|Any CPU.ActiveCfg = Release|Any CPU
		{EAB87CCC-D231-4872-A0A2-E3FFEE8F6C38}.Release|Any CPU.Build.0 = Release|Any CPU
		{AE7F3A43-F148-4703-A811-03861A2466E8}.Debug|Any CPU.ActiveCfg = Debug
		{AE7F3A43-F148-4703-A811-03861A2466E8}.Release|Any CPU.ActiveCfg = Release
		{AE7F3A43-F148-4703-A811-03861A2466E8}.Release|Any CPU.Build.0 = Release
		{1BE32682-4EF0-4D83-80BB-84833DA38AAE}.Debug|Any CPU.ActiveCfg = Debug|Any CPU
		{1BE32682-4EF0-4D83-80BB-84833DA38AAE}.Debug|Any CPU.Build.0 = Debug|Any CPU
		{1BE32682-4EF0-4D83-80BB-84833DA38AAE}.Release|Any CPU.ActiveCfg = Release|Any CPU
		{1BE32682-4EF0-4D83-80BB-84833DA38AAE}.Release|Any CPU.Build.0 = Release|Any CPU
	EndGlobalSection
	GlobalSection(SolutionProperties) = preSolution
		HideSolutionNode = FALSE
	EndGlobalSection
	GlobalSection(ExtensibilityGlobals) = postSolution
		SolutionGuid = {A1473567-1AAF-4413-B7C1-2DEBF964C84E}
	EndGlobalSection
EndGlobal
